# THIS IS AN AUTOGENERATED FILE. DO NOT EDIT THIS FILE DIRECTLY.
# yarn lockfile v1


"@babel/code-frame@^7.12.13":
  version "7.12.13"
  resolved "https://registry.npmjs.org/@babel/code-frame/-/code-frame-7.12.13.tgz"
  integrity sha512-HV1Cm0Q3ZrpCR93tkWOYiuYIgLxZXZFVG2VgK+MBWjUqZTundupbfx2aXarXuw5Ko5aMcjtJgbSs4vUGBS5v6g==
  dependencies:
    "@babel/highlight" "^7.12.13"

"@babel/generator@^7.14.2":
  version "7.14.3"
  resolved "https://registry.npmjs.org/@babel/generator/-/generator-7.14.3.tgz"
  integrity sha512-bn0S6flG/j0xtQdz3hsjJ624h3W0r3llttBMfyHX3YrZ/KtLYr15bjA0FXkgW7FpvrDuTuElXeVjiKlYRpnOFA==
  dependencies:
    "@babel/types" "^7.14.2"
    jsesc "^2.5.1"
    source-map "^0.5.0"

"@babel/helper-annotate-as-pure@^7.0.0":
  version "7.12.13"
  resolved "https://registry.npmjs.org/@babel/helper-annotate-as-pure/-/helper-annotate-as-pure-7.12.13.tgz"
  integrity sha512-7YXfX5wQ5aYM/BOlbSccHDbuXXFPxeoUmfWtz8le2yTkTZc+BxsiEnENFoi2SlmA8ewDkG2LgIMIVzzn2h8kfw==
  dependencies:
    "@babel/types" "^7.12.13"

"@babel/helper-function-name@^7.14.2":
  version "7.14.2"
  resolved "https://registry.npmjs.org/@babel/helper-function-name/-/helper-function-name-7.14.2.tgz"
  integrity sha512-NYZlkZRydxw+YT56IlhIcS8PAhb+FEUiOzuhFTfqDyPmzAhRge6ua0dQYT/Uh0t/EDHq05/i+e5M2d4XvjgarQ==
  dependencies:
    "@babel/helper-get-function-arity" "^7.12.13"
    "@babel/template" "^7.12.13"
    "@babel/types" "^7.14.2"

"@babel/helper-get-function-arity@^7.12.13":
  version "7.12.13"
  resolved "https://registry.npmjs.org/@babel/helper-get-function-arity/-/helper-get-function-arity-7.12.13.tgz"
  integrity sha512-DjEVzQNz5LICkzN0REdpD5prGoidvbdYk1BVgRUOINaWJP2t6avB27X1guXK1kXNrX0WMfsrm1A/ZBthYuIMQg==
  dependencies:
    "@babel/types" "^7.12.13"

"@babel/helper-module-imports@^7.0.0":
  version "7.13.12"
  resolved "https://registry.npmjs.org/@babel/helper-module-imports/-/helper-module-imports-7.13.12.tgz"
  integrity sha512-4cVvR2/1B693IuOvSI20xqqa/+bl7lqAMR59R4iu39R9aOX8/JoYY1sFaNvUMyMBGnHdwvJgUrzNLoUZxXypxA==
  dependencies:
    "@babel/types" "^7.13.12"

"@babel/helper-split-export-declaration@^7.12.13":
  version "7.12.13"
  resolved "https://registry.npmjs.org/@babel/helper-split-export-declaration/-/helper-split-export-declaration-7.12.13.tgz"
  integrity sha512-tCJDltF83htUtXx5NLcaDqRmknv652ZWCHyoTETf1CXYJdPC7nohZohjUgieXhv0hTJdRf2FjDueFehdNucpzg==
  dependencies:
    "@babel/types" "^7.12.13"

"@babel/helper-validator-identifier@^7.14.0":
  version "7.14.0"
  resolved "https://registry.npmjs.org/@babel/helper-validator-identifier/-/helper-validator-identifier-7.14.0.tgz"
  integrity sha512-V3ts7zMSu5lfiwWDVWzRDGIN+lnCEUdaXgtVHJgLb1rGaA6jMrtB9EmE7L18foXJIE8Un/A/h6NJfGQp/e1J4A==

"@babel/highlight@^7.12.13":
  version "7.14.0"
  resolved "https://registry.npmjs.org/@babel/highlight/-/highlight-7.14.0.tgz"
  integrity sha512-YSCOwxvTYEIMSGaBQb5kDDsCopDdiUGsqpatp3fOlI4+2HQSkTmEVWnVuySdAC5EWCqSWWTv0ib63RjR7dTBdg==
  dependencies:
    "@babel/helper-validator-identifier" "^7.14.0"
    chalk "^2.0.0"
    js-tokens "^4.0.0"

"@babel/parser@^7.12.13", "@babel/parser@^7.14.2":
  version "7.14.3"
  resolved "https://registry.npmjs.org/@babel/parser/-/parser-7.14.3.tgz"
  integrity sha512-7MpZDIfI7sUC5zWo2+foJ50CSI5lcqDehZ0lVgIhSi4bFEk94fLAKlF3Q0nzSQQ+ca0lm+O6G9ztKVBeu8PMRQ==

"@babel/runtime@^7.3.1", "@babel/runtime@^7.4.4", "@babel/runtime@^7.5.5", "@babel/runtime@^7.8.3", "@babel/runtime@^7.8.7":
  version "7.12.5"
  resolved "https://registry.npmjs.org/@babel/runtime/-/runtime-7.12.5.tgz"
  integrity sha512-plcc+hbExy3McchJCEQG3knOsuh3HH+Prx1P6cLIkET/0dLuQDEnrT+s27Axgc9bqfsmNUNHfscgMUdBpC9xfg==
  dependencies:
    regenerator-runtime "^0.13.4"

"@babel/template@^7.12.13":
  version "7.12.13"
  resolved "https://registry.npmjs.org/@babel/template/-/template-7.12.13.tgz"
  integrity sha512-/7xxiGA57xMo/P2GVvdEumr8ONhFOhfgq2ihK3h1e6THqzTAkHbkXgB0xI9yeTfIUoH3+oAeHhqm/I43OTbbjA==
  dependencies:
    "@babel/code-frame" "^7.12.13"
    "@babel/parser" "^7.12.13"
    "@babel/types" "^7.12.13"

"@babel/traverse@^7.4.5":
  version "7.14.2"
  resolved "https://registry.npmjs.org/@babel/traverse/-/traverse-7.14.2.tgz"
  integrity sha512-TsdRgvBFHMyHOOzcP9S6QU0QQtjxlRpEYOy3mcCO5RgmC305ki42aSAmfZEMSSYBla2oZ9BMqYlncBaKmD/7iA==
  dependencies:
    "@babel/code-frame" "^7.12.13"
    "@babel/generator" "^7.14.2"
    "@babel/helper-function-name" "^7.14.2"
    "@babel/helper-split-export-declaration" "^7.12.13"
    "@babel/parser" "^7.14.2"
    "@babel/types" "^7.14.2"
    debug "^4.1.0"
    globals "^11.1.0"

"@babel/types@^7.12.13", "@babel/types@^7.13.12", "@babel/types@^7.14.2":
  version "7.14.2"
  resolved "https://registry.npmjs.org/@babel/types/-/types-7.14.2.tgz"
  integrity sha512-SdjAG/3DikRHpUOjxZgnkbR11xUlyDMUFJdvnIgZEE16mqmY0BINMmc4//JMJglEmn6i7sq6p+mGrFWyZ98EEw==
  dependencies:
    "@babel/helper-validator-identifier" "^7.14.0"
    to-fast-properties "^2.0.0"

"@emotion/hash@^0.8.0":
  version "0.8.0"
  resolved "https://registry.npmjs.org/@emotion/hash/-/hash-0.8.0.tgz"
  integrity sha512-kBJtf7PH6aWwZ6fka3zQ0p6SBYzx4fl1LoZXE2RrnYST9Xljm7WfKJrU4g/Xr3Beg72MLrp1AWNUmuYJTL7Cow==

"@emotion/is-prop-valid@^0.8.8":
  version "0.8.8"
  resolved "https://registry.npmjs.org/@emotion/is-prop-valid/-/is-prop-valid-0.8.8.tgz"
  integrity sha512-u5WtneEAr5IDG2Wv65yhunPSMLIpuKsbuOktRojfrEiEvRyC85LgPMZI63cr7NUqT8ZIGdSVg8ZKGxIug4lXcA==
  dependencies:
    "@emotion/memoize" "0.7.4"

"@emotion/memoize@0.7.4":
  version "0.7.4"
  resolved "https://registry.npmjs.org/@emotion/memoize/-/memoize-0.7.4.tgz"
  integrity sha512-Ja/Vfqe3HpuzRsG1oBtWTHk2PGZ7GR+2Vz5iYGelAw8dx32K0y7PjVuxK6z1nMpZOqAFsRUPCkK1YjJ56qJlgw==

"@emotion/stylis@^0.8.4":
  version "0.8.5"
  resolved "https://registry.npmjs.org/@emotion/stylis/-/stylis-0.8.5.tgz"
  integrity sha512-h6KtPihKFn3T9fuIrwvXXUOwlx3rfUvfZIcP5a6rh8Y7zjE3O06hT5Ss4S/YI1AYhuZ1kjaE/5EaOOI2NqSylQ==

"@emotion/unitless@^0.7.4":
  version "0.7.5"
  resolved "https://registry.npmjs.org/@emotion/unitless/-/unitless-0.7.5.tgz"
  integrity sha512-OWORNpfjMsSSUBVrRBVGECkhWcULOAJz9ZW8uK9qgxD+87M7jHRcvh/A96XXNhXTLmKcoYSQtBEX7lHMO7YRwg==

"@fortawesome/fontawesome-common-types@6.1.1":
  version "6.1.1"
  resolved "https://registry.npmjs.org/@fortawesome/fontawesome-common-types/-/fontawesome-common-types-6.1.1.tgz"
  integrity sha512-wVn5WJPirFTnzN6tR95abCx+ocH+3IFLXAgyavnf9hUmN0CfWoDjPT/BAWsUVwSlYYVBeCLJxaqi7ZGe4uSjBA==

"@fortawesome/fontawesome-svg-core@^6.1.1":
  version "6.1.1"
  resolved "https://registry.npmjs.org/@fortawesome/fontawesome-svg-core/-/fontawesome-svg-core-6.1.1.tgz"
  integrity sha512-NCg0w2YIp81f4V6cMGD9iomfsIj7GWrqmsa0ZsPh59G7PKiGN1KymZNxmF00ssuAlo/VZmpK6xazsGOwzKYUMg==
  dependencies:
    "@fortawesome/fontawesome-common-types" "6.1.1"

"@fortawesome/free-brands-svg-icons@^6.1.1":
  version "6.1.1"
  resolved "https://registry.npmjs.org/@fortawesome/free-brands-svg-icons/-/free-brands-svg-icons-6.1.1.tgz"
  integrity sha512-mFbI/czjBZ+paUtw5NPr2IXjun5KAC8eFqh1hnxowjA4mMZxWz4GCIksq6j9ZSa6Uxj9JhjjDVEd77p2LN2Blg==
  dependencies:
    "@fortawesome/fontawesome-common-types" "6.1.1"

"@fortawesome/free-regular-svg-icons@^6.1.1":
  version "6.1.1"
  resolved "https://registry.npmjs.org/@fortawesome/free-regular-svg-icons/-/free-regular-svg-icons-6.1.1.tgz"
  integrity sha512-xXiW7hcpgwmWtndKPOzG+43fPH7ZjxOaoeyooptSztGmJxCAflHZxXNK0GcT0uEsR4jTGQAfGklDZE5NHoBhKg==
  dependencies:
    "@fortawesome/fontawesome-common-types" "6.1.1"

"@fortawesome/free-solid-svg-icons@^6.1.1":
  version "6.1.1"
  resolved "https://registry.npmjs.org/@fortawesome/free-solid-svg-icons/-/free-solid-svg-icons-6.1.1.tgz"
  integrity sha512-0/5exxavOhI/D4Ovm2r3vxNojGZioPwmFrKg0ZUH69Q68uFhFPs6+dhAToh6VEQBntxPRYPuT5Cg1tpNa9JUPg==
  dependencies:
    "@fortawesome/fontawesome-common-types" "6.1.1"

"@fortawesome/react-fontawesome@^0.1.18":
  version "0.1.18"
  resolved "https://registry.npmjs.org/@fortawesome/react-fontawesome/-/react-fontawesome-0.1.18.tgz"
  integrity sha512-RwLIB4TZw0M9gvy5u+TusAA0afbwM4JQIimNH/j3ygd6aIvYPQLqXMhC9ErY26J23rDPyDZldIfPq/HpTTJ/tQ==
  dependencies:
    prop-types "^15.8.1"

"@material-ui/core@^4.12.4":
  version "4.12.4"
  resolved "https://registry.npmjs.org/@material-ui/core/-/core-4.12.4.tgz"
  integrity sha512-tr7xekNlM9LjA6pagJmL8QCgZXaubWUwkJnoYcMKd4gw/t4XiyvnTkjdGrUVicyB2BsdaAv1tvow45bPM4sSwQ==
  dependencies:
    "@babel/runtime" "^7.4.4"
    "@material-ui/styles" "^4.11.5"
    "@material-ui/system" "^4.12.2"
    "@material-ui/types" "5.1.0"
    "@material-ui/utils" "^4.11.3"
    "@types/react-transition-group" "^4.2.0"
    clsx "^1.0.4"
    hoist-non-react-statics "^3.3.2"
    popper.js "1.16.1-lts"
    prop-types "^15.7.2"
    react-is "^16.8.0 || ^17.0.0"
    react-transition-group "^4.4.0"

"@material-ui/icons@^4.11.3":
  version "4.11.3"
  resolved "https://registry.npmjs.org/@material-ui/icons/-/icons-4.11.3.tgz"
  integrity sha512-IKHlyx6LDh8n19vzwH5RtHIOHl9Tu90aAAxcbWME6kp4dmvODM3UvOHJeMIDzUbd4muuJKHmlNoBN+mDY4XkBA==
  dependencies:
    "@babel/runtime" "^7.4.4"

"@material-ui/styles@^4.11.5":
  version "4.11.5"
  resolved "https://registry.npmjs.org/@material-ui/styles/-/styles-4.11.5.tgz"
  integrity sha512-o/41ot5JJiUsIETME9wVLAJrmIWL3j0R0Bj2kCOLbSfqEkKf0fmaPt+5vtblUh5eXr2S+J/8J3DaCb10+CzPGA==
  dependencies:
    "@babel/runtime" "^7.4.4"
    "@emotion/hash" "^0.8.0"
    "@material-ui/types" "5.1.0"
    "@material-ui/utils" "^4.11.3"
    clsx "^1.0.4"
    csstype "^2.5.2"
    hoist-non-react-statics "^3.3.2"
    jss "^10.5.1"
    jss-plugin-camel-case "^10.5.1"
    jss-plugin-default-unit "^10.5.1"
    jss-plugin-global "^10.5.1"
    jss-plugin-nested "^10.5.1"
    jss-plugin-props-sort "^10.5.1"
    jss-plugin-rule-value-function "^10.5.1"
    jss-plugin-vendor-prefixer "^10.5.1"
    prop-types "^15.7.2"

"@material-ui/system@^4.12.2":
  version "4.12.2"
  resolved "https://registry.npmjs.org/@material-ui/system/-/system-4.12.2.tgz"
  integrity sha512-6CSKu2MtmiJgcCGf6nBQpM8fLkuB9F55EKfbdTC80NND5wpTmKzwdhLYLH3zL4cLlK0gVaaltW7/wMuyTnN0Lw==
  dependencies:
    "@babel/runtime" "^7.4.4"
    "@material-ui/utils" "^4.11.3"
    csstype "^2.5.2"
    prop-types "^15.7.2"

"@material-ui/types@5.1.0":
  version "5.1.0"
  resolved "https://registry.npmjs.org/@material-ui/types/-/types-5.1.0.tgz"
  integrity sha512-7cqRjrY50b8QzRSYyhSpx4WRw2YuO0KKIGQEVk5J8uoz2BanawykgZGoWEqKm7pVIbzFDN0SpPcVV4IhOFkl8A==

"@material-ui/utils@^4.11.3":
  version "4.11.3"
  resolved "https://registry.npmjs.org/@material-ui/utils/-/utils-4.11.3.tgz"
  integrity sha512-ZuQPV4rBK/V1j2dIkSSEcH5uT6AaHuKWFfotADHsC0wVL1NLd2WkFCm4ZZbX33iO4ydl6V0GPngKm8HZQ2oujg==
  dependencies:
    "@babel/runtime" "^7.4.4"
    prop-types "^15.7.2"
    react-is "^16.8.0 || ^17.0.0"

"@material/animation@^14.0.0":
  version "14.0.0"
  resolved "https://registry.npmjs.org/@material/animation/-/animation-14.0.0.tgz"
  integrity sha512-VlYSfUaIj/BBVtRZI8Gv0VvzikFf+XgK0Zdgsok5c1v5DDnNz5tpB8mnGrveWz0rHbp1X4+CWLKrTwNmjrw3Xw==
  dependencies:
    tslib "^2.1.0"

"@material/base@^14.0.0":
  version "14.0.0"
  resolved "https://registry.npmjs.org/@material/base/-/base-14.0.0.tgz"
  integrity sha512-Ou7vS7n1H4Y10MUZyYAbt6H0t67c6urxoCgeVT7M38aQlaNUwFMODp7KT/myjYz2YULfhu3PtfSV3Sltgac9mA==
  dependencies:
    tslib "^2.1.0"

"@material/dom@^14.0.0":
  version "14.0.0"
  resolved "https://registry.npmjs.org/@material/dom/-/dom-14.0.0.tgz"
  integrity sha512-8t88XyacclTj8qsIw9q0vEj4PI2KVncLoIsIMzwuMx49P2FZg6TsLjor262MI3Qs00UWAifuLMrhnOnfyrbe7Q==
  dependencies:
    "@material/feature-targeting" "^14.0.0"
    tslib "^2.1.0"

"@material/elevation@^14.0.0":
  version "14.0.0"
  resolved "https://registry.npmjs.org/@material/elevation/-/elevation-14.0.0.tgz"
  integrity sha512-Di3tkxTpXwvf1GJUmaC8rd+zVh5dB2SWMBGagL4+kT8UmjSISif/OPRGuGnXs3QhF6nmEjkdC0ijdZLcYQkepw==
  dependencies:
    "@material/animation" "^14.0.0"
    "@material/base" "^14.0.0"
    "@material/feature-targeting" "^14.0.0"
    "@material/rtl" "^14.0.0"
    "@material/theme" "^14.0.0"
    tslib "^2.1.0"

"@material/feature-targeting@^14.0.0":
  version "14.0.0"
  resolved "https://registry.npmjs.org/@material/feature-targeting/-/feature-targeting-14.0.0.tgz"
  integrity sha512-a5WGgHEq5lJeeNL5yevtgoZjBjXWy6+klfVWQEh8oyix/rMJygGgO7gEc52uv8fB8uAIoYEB3iBMOv8jRq8FeA==
  dependencies:
    tslib "^2.1.0"

"@material/rtl@^14.0.0":
  version "14.0.0"
  resolved "https://registry.npmjs.org/@material/rtl/-/rtl-14.0.0.tgz"
  integrity sha512-xl6OZYyRjuiW2hmbjV2omMV8sQtfmKAjeWnD1RMiAPLCTyOW9Lh/PYYnXjxUrNa0cRwIIbOn5J7OYXokja8puA==
  dependencies:
    "@material/theme" "^14.0.0"
    tslib "^2.1.0"

"@material/shape@^14.0.0":
  version "14.0.0"
  resolved "https://registry.npmjs.org/@material/shape/-/shape-14.0.0.tgz"
  integrity sha512-o0mJB0+feOv473KckI8gFnUo8IQAaEA6ynXzw3VIYFjPi48pJwrxa0mZcJP/OoTXrCbDzDeFJfDPXEmRioBb9A==
  dependencies:
    "@material/feature-targeting" "^14.0.0"
    "@material/rtl" "^14.0.0"
    "@material/theme" "^14.0.0"
    tslib "^2.1.0"

"@material/theme@^14.0.0":
  version "14.0.0"
  resolved "https://registry.npmjs.org/@material/theme/-/theme-14.0.0.tgz"
  integrity sha512-6/SENWNIFuXzeHMPHrYwbsXKgkvCtWuzzQ3cUu4UEt3KcQ5YpViazIM6h8ByYKZP8A9d8QpkJ0WGX5btGDcVoA==
  dependencies:
    "@material/feature-targeting" "^14.0.0"
    tslib "^2.1.0"

"@material/tooltip@^14.0.0":
  version "14.0.0"
  resolved "https://registry.npmjs.org/@material/tooltip/-/tooltip-14.0.0.tgz"
  integrity sha512-rp7sOuVE1hmg4VgBJMnSvtDbSzctL42X7y1yv8ukuu40Sli+H5FT0Zbn351EfjJgQWg/AlXA6+reVXkXje8JzQ==
  dependencies:
    "@material/animation" "^14.0.0"
    "@material/base" "^14.0.0"
    "@material/dom" "^14.0.0"
    "@material/elevation" "^14.0.0"
    "@material/feature-targeting" "^14.0.0"
    "@material/rtl" "^14.0.0"
    "@material/shape" "^14.0.0"
    "@material/theme" "^14.0.0"
    "@material/typography" "^14.0.0"
    tslib "^2.1.0"

"@material/typography@^14.0.0":
  version "14.0.0"
  resolved "https://registry.npmjs.org/@material/typography/-/typography-14.0.0.tgz"
  integrity sha512-/QtHBYiTR+TPMryM/CT386B2WlAQf/Ae32V324Z7P40gHLKY/YBXx7FDutAWZFeOerq/two4Nd2aAHBcMM2wMw==
  dependencies:
    "@material/feature-targeting" "^14.0.0"
    "@material/theme" "^14.0.0"
    tslib "^2.1.0"

"@next/env@12.0.11-canary.10":
  version "12.0.11-canary.10"
  resolved "https://registry.npmjs.org/@next/env/-/env-12.0.11-canary.10.tgz"
  integrity sha512-5l6ELVHlC/GgbpJwado+dioACv8r9Zq3L0+J4rLTJ7+n1UbjfungaRn2CfpQ7OmL44QRA+BGEnX8RS55YFVb6g==

"@next/swc-android-arm64@12.0.11-canary.10":
  version "12.0.11-canary.10"
  resolved "https://registry.yarnpkg.com/@next/swc-android-arm64/-/swc-android-arm64-12.0.11-canary.10.tgz#389286c896486c00bea6b61449dc233003b0180d"
  integrity sha512-KGeKbKDIGUWA0EytIJXVJK4WlM0qgOkUEJuyQYMRCl9ijB4ZoHZ3KUXrhkcU+p6AaDn83mNfJBUodn1s4giT/Q==

"@next/swc-darwin-arm64@12.0.11-canary.10":
  version "12.0.11-canary.10"
  resolved "https://registry.npmjs.org/@next/swc-darwin-arm64/-/swc-darwin-arm64-12.0.11-canary.10.tgz"
  integrity sha512-hG+ED2M7MNLZOHKDmRp6bL+eUIDkOm48wvrK8jDbBImp3ml9qBJgkwXhqjJOQR5aJnUu4bxepLccmWVPornHNQ==

"@next/swc-darwin-x64@12.0.11-canary.10":
  version "12.0.11-canary.10"
  resolved "https://registry.yarnpkg.com/@next/swc-darwin-x64/-/swc-darwin-x64-12.0.11-canary.10.tgz#49557c6210e4c1b003018080b0c564f9c10ab5a1"
  integrity sha512-ytffO5OjxYBI4GvC0DRO3Nx/Pbx7f6mriLZKktTeClurt8pBdpDVHnF09EZyzaWZ75DaJgeT30pmx0crFqU2qw==

"@next/swc-linux-arm-gnueabihf@12.0.11-canary.10":
  version "12.0.11-canary.10"
  resolved "https://registry.yarnpkg.com/@next/swc-linux-arm-gnueabihf/-/swc-linux-arm-gnueabihf-12.0.11-canary.10.tgz#5f055ffc08bd57f797bda54df0c8ae9e2d80710b"
  integrity sha512-+0OnCTc9+sbkMwAe69cvxqkptvZFEfaAKsLAFs+tOsnd6iuqKxoOuRl97lB8UG3jkiOWOu8ocdTh1OTs0jPR6A==

"@next/swc-linux-arm64-gnu@12.0.11-canary.10":
  version "12.0.11-canary.10"
  resolved "https://registry.yarnpkg.com/@next/swc-linux-arm64-gnu/-/swc-linux-arm64-gnu-12.0.11-canary.10.tgz#de76b4b004d537fa7d0198b69c5b6fedc32f38e8"
  integrity sha512-QLO58uxCP/ZPbR0dtOjWbtKgvAoN9Xd4byETaeYl97TKMPT8WKOVQYcRHmlf3Kdv9/5Wc8auwhG/n+ELB45GBA==

"@next/swc-linux-arm64-musl@12.0.11-canary.10":
  version "12.0.11-canary.10"
  resolved "https://registry.yarnpkg.com/@next/swc-linux-arm64-musl/-/swc-linux-arm64-musl-12.0.11-canary.10.tgz#7538f864bfa903ab95753828ac31633770883669"
  integrity sha512-BcDI9PzHVDtekN/MvhJsRscp5NRx1IRTbjKi9sdI7JqzQ4CbSsm5p7QUT3XIqyiF8PdHoU/CMMC/6y2cNpEZMA==

"@next/swc-linux-x64-gnu@12.0.11-canary.10":
  version "12.0.11-canary.10"
  resolved "https://registry.yarnpkg.com/@next/swc-linux-x64-gnu/-/swc-linux-x64-gnu-12.0.11-canary.10.tgz#4acdc3a4e4c38f4019cc812d2d99d23077e659c9"
  integrity sha512-MYal/OUReawcWdL1EXgPRUNpE7qPCxrThjgAg6pNY88+aa7fr00ax3/zRRhbGrrVGCbQa2NZh4zHTrLesShb9g==

"@next/swc-linux-x64-musl@12.0.11-canary.10":
  version "12.0.11-canary.10"
  resolved "https://registry.yarnpkg.com/@next/swc-linux-x64-musl/-/swc-linux-x64-musl-12.0.11-canary.10.tgz#25cf825d3ccaef5c294223c1f6a14293c9d8cbeb"
  integrity sha512-fMyvtyDL+y1v8D/Z+tAb+w2jzp9OvjN5YgutB5ju3rj1GNsiu8YCpIauDv6GL4cO8M5PJl9L77eMOCLaHjmiSw==

"@next/swc-win32-arm64-msvc@12.0.11-canary.10":
  version "12.0.11-canary.10"
  resolved "https://registry.yarnpkg.com/@next/swc-win32-arm64-msvc/-/swc-win32-arm64-msvc-12.0.11-canary.10.tgz#0d6749f5135d9437ebc82ee0975a51358a706b70"
  integrity sha512-+hOo3GDl11LIS0ueZVC+Te0KS+n7IlOmECJ8mce/csc9BEW8oG5Z62FcWwiUgAyytD/my0tJ6C+PvJwjpBzaGQ==

"@next/swc-win32-ia32-msvc@12.0.11-canary.10":
  version "12.0.11-canary.10"
  resolved "https://registry.yarnpkg.com/@next/swc-win32-ia32-msvc/-/swc-win32-ia32-msvc-12.0.11-canary.10.tgz#3268ec1f18321d5501a150f40a325794e7c20cf9"
  integrity sha512-0xBaj6ZZbAHWPR36lgHeBXIN5Hd+LyRHGvPuI5r6Jl+gnKqV1sH7pKniuIKg8QnVueDLwfP+YjT3Ecpgr5yQMA==

"@next/swc-win32-x64-msvc@12.0.11-canary.10":
  version "12.0.11-canary.10"
  resolved "https://registry.yarnpkg.com/@next/swc-win32-x64-msvc/-/swc-win32-x64-msvc-12.0.11-canary.10.tgz#67fede67e631e223e4a456e4db0c04b3a78cfe7d"
  integrity sha512-UleobO3SCm758W8ecsZ3RXbR4UNVO8MCv/lKnegXPaYSsQlQpnCaPHyyQ5OmUdsPwug3ljOfTcctkXegim5UqA==

"@types/prop-types@*":
  version "15.7.5"
  resolved "https://registry.npmjs.org/@types/prop-types/-/prop-types-15.7.5.tgz"
  integrity sha512-JCB8C6SnDoQf0cNycqd/35A7MjcnK+ZTqE7judS6o7utxUCg6imJg3QK2qzHKszlTjcj2cn+NwMB2i96ubpj7w==

"@types/react-transition-group@^4.2.0":
  version "4.4.4"
  resolved "https://registry.npmjs.org/@types/react-transition-group/-/react-transition-group-4.4.4.tgz"
  integrity sha512-7gAPz7anVK5xzbeQW9wFBDg7G++aPLAFY0QaSMOou9rJZpbuI58WAuJrgu+qR92l61grlnCUe7AFX8KGahAgug==
  dependencies:
    "@types/react" "*"

"@types/react@*":
  version "17.0.45"
  resolved "https://registry.npmjs.org/@types/react/-/react-17.0.45.tgz"
  integrity sha512-YfhQ22Lah2e3CHPsb93tRwIGNiSwkuz1/blk4e6QrWS0jQzCSNbGLtOEYhPg02W0yGTTmpajp7dCTbBAMN3qsg==
  dependencies:
    "@types/prop-types" "*"
    "@types/scheduler" "*"
    csstype "^3.0.2"

"@types/scheduler@*":
  version "0.16.2"
  resolved "https://registry.npmjs.org/@types/scheduler/-/scheduler-0.16.2.tgz"
  integrity sha512-hppQEBDmlwhFAXKJX2KnWLYu5yMfi91yazPb2l+lbJiwW+wdo1gNeRA+3RgNSO39WYX2euey41KEwnqesU2Jew==

ansi-styles@^3.2.1:
  version "3.2.1"
  resolved "https://registry.npmjs.org/ansi-styles/-/ansi-styles-3.2.1.tgz"
  integrity sha512-VT0ZI6kZRdTh8YyJw3SMbYm/u+NqfsAxEpWO0Pf9sq8/e94WxxOpPKx9FR1FlyCtOVDNOQ+8ntlqFxiRc+r5qA==
  dependencies:
    color-convert "^1.9.0"

"babel-plugin-styled-components@>= 1.12.0":
  version "1.12.0"
  resolved "https://registry.npmjs.org/babel-plugin-styled-components/-/babel-plugin-styled-components-1.12.0.tgz"
  integrity sha512-FEiD7l5ZABdJPpLssKXjBUJMYqzbcNzBowfXDCdJhOpbhWiewapUaY+LZGT8R4Jg2TwOjGjG4RKeyrO5p9sBkA==
  dependencies:
    "@babel/helper-annotate-as-pure" "^7.0.0"
    "@babel/helper-module-imports" "^7.0.0"
    babel-plugin-syntax-jsx "^6.18.0"
    lodash "^4.17.11"

babel-plugin-syntax-jsx@^6.18.0:
  version "6.18.0"
  resolved "https://registry.npmjs.org/babel-plugin-syntax-jsx/-/babel-plugin-syntax-jsx-6.18.0.tgz"
  integrity sha1-CvMqmm4Tyno/1QaeYtew9Y0NiUY=

camelize@^1.0.0:
  version "1.0.0"
  resolved "https://registry.npmjs.org/camelize/-/camelize-1.0.0.tgz"
  integrity sha1-FkpUg+Yw+kMh5a8HAg5TGDGyYJs=

caniuse-lite@^1.0.30001283:
  version "1.0.30001565"
  resolved "https://registry.npmjs.org/caniuse-lite/-/caniuse-lite-1.0.30001565.tgz"
  integrity sha512-xrE//a3O7TP0vaJ8ikzkD2c2NgcVUvsEe2IvFTntV4Yd1Z9FVzh+gW+enX96L0psrbaFMcVcH2l90xNuGDWc8w==

chalk@^2.0.0:
  version "2.4.2"
  resolved "https://registry.npmjs.org/chalk/-/chalk-2.4.2.tgz"
  integrity sha512-Mti+f9lpJNcwF4tWV8/OrTTtF1gZi+f8FqlyAdouralcFWFQWF2+NgCHShjkCb+IFBLq9buZwE1xckQU4peSuQ==
  dependencies:
    ansi-styles "^3.2.1"
    escape-string-regexp "^1.0.5"
    supports-color "^5.3.0"

clsx@^1.0.4:
  version "1.1.1"
  resolved "https://registry.npmjs.org/clsx/-/clsx-1.1.1.tgz"
  integrity sha512-6/bPho624p3S2pMyvP5kKBPXnI3ufHLObBFCfgx+LkeR5lg2XYy2hqZqUf45ypD8COn2bhgGJSUE+l5dhNBieA==

color-convert@^1.9.0:
  version "1.9.3"
  resolved "https://registry.npmjs.org/color-convert/-/color-convert-1.9.3.tgz"
  integrity sha512-QfAUtd+vFdAtFQcC8CCyYt1fYWxSqAiK2cSD6zDB8N3cpsEBAvRxp9zOGg6G/SHHJYAT88/az/IuDGALsNVbGg==
  dependencies:
    color-name "1.1.3"

color-name@1.1.3:
  version "1.1.3"
  resolved "https://registry.npmjs.org/color-name/-/color-name-1.1.3.tgz"
  integrity sha1-p9BVi9icQveV3UIyj3QIMcpTvCU=

css-color-keywords@^1.0.0:
  version "1.0.0"
  resolved "https://registry.npmjs.org/css-color-keywords/-/css-color-keywords-1.0.0.tgz"
  integrity sha1-/qJhbcZ2spYmhrOvjb2+GAskTgU=

css-to-react-native@^3.0.0:
  version "3.0.0"
  resolved "https://registry.npmjs.org/css-to-react-native/-/css-to-react-native-3.0.0.tgz"
  integrity sha512-Ro1yETZA813eoyUp2GDBhG2j+YggidUmzO1/v9eYBKR2EHVEniE2MI/NqpTQ954BMpTPZFsGNPm46qFB9dpaPQ==
  dependencies:
    camelize "^1.0.0"
    css-color-keywords "^1.0.0"
    postcss-value-parser "^4.0.2"

css-vendor@^2.0.8:
  version "2.0.8"
  resolved "https://registry.npmjs.org/css-vendor/-/css-vendor-2.0.8.tgz"
  integrity sha512-x9Aq0XTInxrkuFeHKbYC7zWY8ai7qJ04Kxd9MnvbC1uO5DagxoHQjm4JvG+vCdXOoFtCjbL2XSZfxmoYa9uQVQ==
  dependencies:
    "@babel/runtime" "^7.8.3"
    is-in-browser "^1.0.2"

csstype@^2.5.2:
  version "2.6.20"
  resolved "https://registry.npmjs.org/csstype/-/csstype-2.6.20.tgz"
  integrity sha512-/WwNkdXfckNgw6S5R125rrW8ez139lBHWouiBvX8dfMFtcn6V81REDqnH7+CRpRipfYlyU1CmOnOxrmGcFOjeA==

csstype@^3.0.2:
  version "3.1.0"
  resolved "https://registry.npmjs.org/csstype/-/csstype-3.1.0.tgz"
  integrity sha512-uX1KG+x9h5hIJsaKR9xHUeUraxf8IODOwq9JLNPq6BwB04a/xgpq3rcx47l5BZu5zBPlgD342tdke3Hom/nJRA==

debug@^4.1.0:
  version "4.3.1"
  resolved "https://registry.npmjs.org/debug/-/debug-4.3.1.tgz"
  integrity sha512-doEwdvm4PCeK4K3RQN2ZC2BYUBaxwLARCqZmMjtF8a51J2Rb0xpVloFRnCODwqjpwnAoao4pelN8l3RJdv3gRQ==
  dependencies:
    ms "2.1.2"

dom-helpers@^5.0.1:
  version "5.2.1"
  resolved "https://registry.npmjs.org/dom-helpers/-/dom-helpers-5.2.1.tgz"
  integrity sha512-nRCa7CK3VTrM2NmGkIy4cbK7IZlgBE/PYMn55rrXefr5xXDP0LdtfPnblFDoVdcAfslJ7or6iqAUnx0CCGIWQA==
  dependencies:
    "@babel/runtime" "^7.8.7"
    csstype "^3.0.2"

escape-string-regexp@^1.0.5:
  version "1.0.5"
  resolved "https://registry.npmjs.org/escape-string-regexp/-/escape-string-regexp-1.0.5.tgz"
  integrity sha1-G2HAViGQqN/2rjuyzwIAyhMLhtQ=

globals@^11.1.0:
  version "11.12.0"
  resolved "https://registry.npmjs.org/globals/-/globals-11.12.0.tgz"
  integrity sha512-WOBp/EEGUiIsJSp7wcv/y6MO+lV9UoncWqxuFfm8eBwzWNgyfBd6Gz+IeKQ9jCmyhoH99g15M3T+QaVHFjizVA==

has-flag@^3.0.0:
  version "3.0.0"
  resolved "https://registry.npmjs.org/has-flag/-/has-flag-3.0.0.tgz"
  integrity sha1-tdRU3CGZriJWmfNGfloH87lVuv0=

hoist-non-react-statics@^3.0.0, hoist-non-react-statics@^3.3.2:
  version "3.3.2"
  resolved "https://registry.npmjs.org/hoist-non-react-statics/-/hoist-non-react-statics-3.3.2.tgz"
  integrity sha512-/gGivxi8JPKWNm/W0jSmzcMPpfpPLc3dY/6GxhX2hQ9iGj3aDfklV4ET7NjKpSinLpJ5vafa9iiGIEZg10SfBw==
  dependencies:
    react-is "^16.7.0"

hyphenate-style-name@^1.0.3:
  version "1.0.4"
  resolved "https://registry.npmjs.org/hyphenate-style-name/-/hyphenate-style-name-1.0.4.tgz"
  integrity sha512-ygGZLjmXfPHj+ZWh6LwbC37l43MhfztxetbFCoYTM2VjkIUpeHgSNn7QIyVFj7YQ1Wl9Cbw5sholVJPzWvC2MQ==

is-in-browser@^1.0.2, is-in-browser@^1.1.3:
  version "1.1.3"
  resolved "https://registry.npmjs.org/is-in-browser/-/is-in-browser-1.1.3.tgz"
  integrity sha512-FeXIBgG/CPGd/WUxuEyvgGTEfwiG9Z4EKGxjNMRqviiIIfsmgrpnHLffEDdwUHqNva1VEW91o3xBT/m8Elgl9g==

"js-tokens@^3.0.0 || ^4.0.0", js-tokens@^4.0.0:
  version "4.0.0"
  resolved "https://registry.npmjs.org/js-tokens/-/js-tokens-4.0.0.tgz"
  integrity sha512-RdJUflcE3cUzKiMqQgsCu06FPu9UdIJO0beYbPhHN4k6apgJtifcoCtT9bcxOpYBtpD2kCM6Sbzg4CausW/PKQ==

jsesc@^2.5.1:
  version "2.5.2"
  resolved "https://registry.npmjs.org/jsesc/-/jsesc-2.5.2.tgz"
  integrity sha512-OYu7XEzjkCQ3C5Ps3QIZsQfNpqoJyZZA99wd9aWd05NCtC5pWOkShK2mkL6HXQR6/Cy2lbNdPlZBpuQHXE63gA==

jss-plugin-camel-case@^10.5.1:
  version "10.9.0"
  resolved "https://registry.npmjs.org/jss-plugin-camel-case/-/jss-plugin-camel-case-10.9.0.tgz"
  integrity sha512-UH6uPpnDk413/r/2Olmw4+y54yEF2lRIV8XIZyuYpgPYTITLlPOsq6XB9qeqv+75SQSg3KLocq5jUBXW8qWWww==
  dependencies:
    "@babel/runtime" "^7.3.1"
    hyphenate-style-name "^1.0.3"
    jss "10.9.0"

jss-plugin-default-unit@^10.5.1:
  version "10.9.0"
  resolved "https://registry.npmjs.org/jss-plugin-default-unit/-/jss-plugin-default-unit-10.9.0.tgz"
  integrity sha512-7Ju4Q9wJ/MZPsxfu4T84mzdn7pLHWeqoGd/D8O3eDNNJ93Xc8PxnLmV8s8ZPNRYkLdxZqKtm1nPQ0BM4JRlq2w==
  dependencies:
    "@babel/runtime" "^7.3.1"
    jss "10.9.0"

jss-plugin-global@^10.5.1:
  version "10.9.0"
  resolved "https://registry.npmjs.org/jss-plugin-global/-/jss-plugin-global-10.9.0.tgz"
  integrity sha512-4G8PHNJ0x6nwAFsEzcuVDiBlyMsj2y3VjmFAx/uHk/R/gzJV+yRHICjT4MKGGu1cJq2hfowFWCyrr/Gg37FbgQ==
  dependencies:
    "@babel/runtime" "^7.3.1"
    jss "10.9.0"

jss-plugin-nested@^10.5.1:
  version "10.9.0"
  resolved "https://registry.npmjs.org/jss-plugin-nested/-/jss-plugin-nested-10.9.0.tgz"
  integrity sha512-2UJnDrfCZpMYcpPYR16oZB7VAC6b/1QLsRiAutOt7wJaaqwCBvNsosLEu/fUyKNQNGdvg2PPJFDO5AX7dwxtoA==
  dependencies:
    "@babel/runtime" "^7.3.1"
    jss "10.9.0"
    tiny-warning "^1.0.2"

jss-plugin-props-sort@^10.5.1:
  version "10.9.0"
  resolved "https://registry.npmjs.org/jss-plugin-props-sort/-/jss-plugin-props-sort-10.9.0.tgz"
  integrity sha512-7A76HI8bzwqrsMOJTWKx/uD5v+U8piLnp5bvru7g/3ZEQOu1+PjHvv7bFdNO3DwNPC9oM0a//KwIJsIcDCjDzw==
  dependencies:
    "@babel/runtime" "^7.3.1"
    jss "10.9.0"

jss-plugin-rule-value-function@^10.5.1:
  version "10.9.0"
  resolved "https://registry.npmjs.org/jss-plugin-rule-value-function/-/jss-plugin-rule-value-function-10.9.0.tgz"
  integrity sha512-IHJv6YrEf8pRzkY207cPmdbBstBaE+z8pazhPShfz0tZSDtRdQua5jjg6NMz3IbTasVx9FdnmptxPqSWL5tyJg==
  dependencies:
    "@babel/runtime" "^7.3.1"
    jss "10.9.0"
    tiny-warning "^1.0.2"

jss-plugin-vendor-prefixer@^10.5.1:
  version "10.9.0"
  resolved "https://registry.npmjs.org/jss-plugin-vendor-prefixer/-/jss-plugin-vendor-prefixer-10.9.0.tgz"
  integrity sha512-MbvsaXP7iiVdYVSEoi+blrW+AYnTDvHTW6I6zqi7JcwXdc6I9Kbm234nEblayhF38EftoenbM+5218pidmC5gA==
  dependencies:
    "@babel/runtime" "^7.3.1"
    css-vendor "^2.0.8"
    jss "10.9.0"

jss@10.9.0, jss@^10.5.1:
  version "10.9.0"
  resolved "https://registry.npmjs.org/jss/-/jss-10.9.0.tgz"
  integrity sha512-YpzpreB6kUunQBbrlArlsMpXYyndt9JATbt95tajx0t4MTJJcCJdd4hdNpHmOIDiUJrF/oX5wtVFrS3uofWfGw==
  dependencies:
    "@babel/runtime" "^7.3.1"
    csstype "^3.0.2"
    is-in-browser "^1.1.3"
    tiny-warning "^1.0.2"

lodash@^4.17.11:
  version "4.17.21"
  resolved "https://registry.npmjs.org/lodash/-/lodash-4.17.21.tgz"
  integrity sha512-v2kDEe57lecTulaDIuNTPy3Ry4gLGJ6Z1O3vE1krgXZNrsQ+LFTGHVxVjcXPs17LhbZVGedAJv8XZ1tvj5FvSg==

loose-envify@^1.1.0, loose-envify@^1.4.0:
  version "1.4.0"
  resolved "https://registry.npmjs.org/loose-envify/-/loose-envify-1.4.0.tgz"
  integrity sha512-lyuxPGr/Wfhrlem2CL/UcnUc1zcqKAImBDzukY7Y5F/yQiNdko6+fRLevlw1HgMySw7f611UIY408EtxRSoK3Q==
  dependencies:
    js-tokens "^3.0.0 || ^4.0.0"

ms@2.1.2:
  version "2.1.2"
  resolved "https://registry.npmjs.org/ms/-/ms-2.1.2.tgz"
  integrity sha512-sGkPx+VjMtmA6MX27oA4FBFELFCZZ4S4XqeGOXCv68tT+jb3vk/RyaKWP0PTKyWtmLSM0b+adUTEvbs1PEaH2w==

nanoid@^3.1.30:
  version "3.3.7"
  resolved "https://registry.npmjs.org/nanoid/-/nanoid-3.3.7.tgz"
  integrity sha512-eSRppjcPIatRIMC1U6UngP8XFcz8MQWGQdt1MTBQ7NaAmvXDfvNxbvWV3x2y6CdEUciCSsDHDQZbhYaB8QEo2g==

next@12.0.11-canary.10:
  version "12.0.11-canary.10"
  resolved "https://registry.npmjs.org/next/-/next-12.0.11-canary.10.tgz"
  integrity sha512-HAzshFipgNe2d1uPWSKIqW8GznTRtvrOlpSj1Iwju4PUo3ZJd3emDYJN+BnzWIN61tXw2TrB40poDlHTyuXV2g==
  dependencies:
    "@next/env" "12.0.11-canary.10"
    caniuse-lite "^1.0.30001283"
    postcss "8.4.5"
    styled-jsx "5.0.0"
    use-subscription "1.5.1"
  optionalDependencies:
    "@next/swc-android-arm64" "12.0.11-canary.10"
    "@next/swc-darwin-arm64" "12.0.11-canary.10"
    "@next/swc-darwin-x64" "12.0.11-canary.10"
    "@next/swc-linux-arm-gnueabihf" "12.0.11-canary.10"
    "@next/swc-linux-arm64-gnu" "12.0.11-canary.10"
    "@next/swc-linux-arm64-musl" "12.0.11-canary.10"
    "@next/swc-linux-x64-gnu" "12.0.11-canary.10"
    "@next/swc-linux-x64-musl" "12.0.11-canary.10"
    "@next/swc-win32-arm64-msvc" "12.0.11-canary.10"
    "@next/swc-win32-ia32-msvc" "12.0.11-canary.10"
    "@next/swc-win32-x64-msvc" "12.0.11-canary.10"

object-assign@^4.1.1:
  version "4.1.1"
  resolved "https://registry.npmjs.org/object-assign/-/object-assign-4.1.1.tgz"
  integrity sha1-IQmtx5ZYh8/AXLvUQsrIv7s2CGM=

picocolors@^1.0.0:
  version "1.0.0"
  resolved "https://registry.npmjs.org/picocolors/-/picocolors-1.0.0.tgz"
  integrity sha512-1fygroTLlHu66zi26VoTDv8yRgm0Fccecssto+MhsZ0D/DGW2sm8E8AjW7NU5VVTRt5GxbeZ5qBuJr+HyLYkjQ==

popper.js@1.16.1-lts:
  version "1.16.1-lts"
  resolved "https://registry.npmjs.org/popper.js/-/popper.js-1.16.1-lts.tgz"
  integrity sha512-Kjw8nKRl1m+VrSFCoVGPph93W/qrSO7ZkqPpTf7F4bk/sqcfWK019dWBUpE/fBOsOQY1dks/Bmcbfn1heM/IsA==

postcss-value-parser@^4.0.2:
  version "4.1.0"
  resolved "https://registry.npmjs.org/postcss-value-parser/-/postcss-value-parser-4.1.0.tgz"
  integrity sha512-97DXOFbQJhk71ne5/Mt6cOu6yxsSfM0QGQyl0L25Gca4yGWEGJaig7l7gbCX623VqTBNGLRLaVUCnNkcedlRSQ==

postcss@8.4.5:
  version "8.4.5"
  resolved "https://registry.npmjs.org/postcss/-/postcss-8.4.5.tgz"
  integrity sha512-jBDboWM8qpaqwkMwItqTQTiFikhs/67OYVvblFFTM7MrZjt6yMKd6r2kgXizEbTTljacm4NldIlZnhbjr84QYg==
  dependencies:
    nanoid "^3.1.30"
    picocolors "^1.0.0"
    source-map-js "^1.0.1"

prop-types@^15.6.2, prop-types@^15.7.2:
  version "15.7.2"
  resolved "https://registry.npmjs.org/prop-types/-/prop-types-15.7.2.tgz"
  integrity sha512-8QQikdH7//R2vurIJSutZ1smHYTcLpRWEOlHnzcWHmBYrOGUysKwSsrC89BCiFj3CbrfJ/nXFdJepOVrY1GCHQ==
  dependencies:
    loose-envify "^1.4.0"
    object-assign "^4.1.1"
    react-is "^16.8.1"

prop-types@^15.8.1:
  version "15.8.1"
  resolved "https://registry.npmjs.org/prop-types/-/prop-types-15.8.1.tgz"
  integrity sha512-oj87CgZICdulUohogVAR7AjlC0327U4el4L6eAvOqCeudMDVU0NThNaV+b9Df4dXgSP1gXMTnPdhfe/2qDH5cg==
  dependencies:
    loose-envify "^1.4.0"
    object-assign "^4.1.1"
    react-is "^16.13.1"

react-dom@17.0.2:
  version "17.0.2"
  resolved "https://registry.npmjs.org/react-dom/-/react-dom-17.0.2.tgz"
  integrity sha512-s4h96KtLDUQlsENhMn1ar8t2bEa+q/YAtj8pPPdIjPDGBDIVNsrD9aXNWqspUe6AzKCIG0C1HZZLqLV7qpOBGA==
  dependencies:
    loose-envify "^1.1.0"
    object-assign "^4.1.1"
    scheduler "^0.20.2"

react-icons@^4.2.0:
  version "4.2.0"
  resolved "https://registry.npmjs.org/react-icons/-/react-icons-4.2.0.tgz"
  integrity sha512-rmzEDFt+AVXRzD7zDE21gcxyBizD/3NqjbX6cmViAgdqfJ2UiLer8927/QhhrXQV7dEj/1EGuOTPp7JnLYVJKQ==

react-is@^16.13.1, react-is@^16.7.0, "react-is@^16.8.0 || ^17.0.0", react-is@^16.8.1:
  version "16.13.1"
  resolved "https://registry.npmjs.org/react-is/-/react-is-16.13.1.tgz"
  integrity sha512-24e6ynE2H+OKt4kqsOvNd8kBpV65zoxbA4BVsEOB3ARVWQki/DHzaUoC5KuON/BiccDaCCTZBuOcfZs70kR8bQ==

react-transition-group@^4.4.0:
  version "4.4.2"
  resolved "https://registry.npmjs.org/react-transition-group/-/react-transition-group-4.4.2.tgz"
  integrity sha512-/RNYfRAMlZwDSr6z4zNKV6xu53/e2BuaBbGhbyYIXTrmgu/bGHzmqOs7mJSJBHy9Ud+ApHx3QjrkKSp1pxvlFg==
  dependencies:
    "@babel/runtime" "^7.5.5"
    dom-helpers "^5.0.1"
    loose-envify "^1.4.0"
    prop-types "^15.6.2"

react@17.0.2:
  version "17.0.2"
  resolved "https://registry.npmjs.org/react/-/react-17.0.2.tgz"
  integrity sha512-gnhPt75i/dq/z3/6q/0asP78D0u592D5L1pd7M8P+dck6Fu/jJeL6iVVK23fptSUZj8Vjf++7wXA8UNclGQcbA==
  dependencies:
    loose-envify "^1.1.0"
    object-assign "^4.1.1"

regenerator-runtime@^0.13.4:
  version "0.13.7"
  resolved "https://registry.npmjs.org/regenerator-runtime/-/regenerator-runtime-0.13.7.tgz"
  integrity sha512-a54FxoJDIr27pgf7IgeQGxmqUNYrcV338lf/6gH456HZ/PhX+5BcwHXG9ajESmwe6WRO0tAzRUrRmNONWgkrew==

scheduler@^0.20.2:
  version "0.20.2"
  resolved "https://registry.npmjs.org/scheduler/-/scheduler-0.20.2.tgz"
  integrity sha512-2eWfGgAqqWFGqtdMmcL5zCMK1U8KlXv8SQFGglL3CEtd0aDVDWgeF/YoCmvln55m5zSk3J/20hTaSBeSObsQDQ==
  dependencies:
    loose-envify "^1.1.0"
    object-assign "^4.1.1"

shallowequal@^1.1.0:
  version "1.1.0"
  resolved "https://registry.npmjs.org/shallowequal/-/shallowequal-1.1.0.tgz"
  integrity sha512-y0m1JoUZSlPAjXVtPPW70aZWfIL/dSP7AFkRnniLCrK/8MDKog3TySTBmckD+RObVxH0v4Tox67+F14PdED2oQ==

source-map-js@^1.0.1:
  version "1.0.2"
  resolved "https://registry.npmjs.org/source-map-js/-/source-map-js-1.0.2.tgz"
  integrity sha512-R0XvVJ9WusLiqTCEiGCmICCMplcCkIwwR11mOSD9CR5u+IXYdiseeEuXCVAjS54zqwkLcPNnmU4OeJ6tUrWhDw==

source-map@^0.5.0:
  version "0.5.7"
  resolved "https://registry.npmjs.org/source-map/-/source-map-0.5.7.tgz"
  integrity sha1-igOdLRAh0i0eoUyA2OpGi6LvP8w=

styled-components@^5.3.0:
  version "5.3.0"
  resolved "https://registry.npmjs.org/styled-components/-/styled-components-5.3.0.tgz"
  integrity sha512-bPJKwZCHjJPf/hwTJl6TbkSZg/3evha+XPEizrZUGb535jLImwDUdjTNxXqjjaASt2M4qO4AVfoHJNe3XB/tpQ==
  dependencies:
    "@babel/helper-module-imports" "^7.0.0"
    "@babel/traverse" "^7.4.5"
    "@emotion/is-prop-valid" "^0.8.8"
    "@emotion/stylis" "^0.8.4"
    "@emotion/unitless" "^0.7.4"
    babel-plugin-styled-components ">= 1.12.0"
    css-to-react-native "^3.0.0"
    hoist-non-react-statics "^3.0.0"
    shallowequal "^1.1.0"
    supports-color "^5.5.0"

styled-jsx@5.0.0:
  version "5.0.0"
  resolved "https://registry.npmjs.org/styled-jsx/-/styled-jsx-5.0.0.tgz"
  integrity sha512-qUqsWoBquEdERe10EW8vLp3jT25s/ssG1/qX5gZ4wu15OZpmSMFI2v+fWlRhLfykA5rFtlJ1ME8A8pm/peV4WA==

styled-normalize@^8.0.7:
  version "8.0.7"
  resolved "https://registry.npmjs.org/styled-normalize/-/styled-normalize-8.0.7.tgz"
  integrity sha512-qQV4O7B9g7ZUnStCwGde7Dc/mcFF/pz0Ha/LL7+j/r6uopf6kJCmmR7jCPQMCBrDkYiQ4xvw1hUoceVJkdaMuQ==

supports-color@^5.3.0, supports-color@^5.5.0:
  version "5.5.0"
  resolved "https://registry.npmjs.org/supports-color/-/supports-color-5.5.0.tgz"
  integrity sha512-QjVjwdXIt408MIiAqCX4oUKsgU2EqAGzs2Ppkm4aQYbjm+ZEWEcW4SfFNTr4uMNZma0ey4f5lgLrkB0aX0QMow==
  dependencies:
    has-flag "^3.0.0"

tiny-warning@^1.0.2:
  version "1.0.3"
  resolved "https://registry.npmjs.org/tiny-warning/-/tiny-warning-1.0.3.tgz"
  integrity sha512-lBN9zLN/oAf68o3zNXYrdCt1kP8WsiGW8Oo2ka41b2IM5JL/S1CTyX1rW0mb/zSuJun0ZUrDxx4sqvYS2FWzPA==

to-fast-properties@^2.0.0:
  version "2.0.0"
  resolved "https://registry.npmjs.org/to-fast-properties/-/to-fast-properties-2.0.0.tgz"
  integrity sha1-3F5pjL0HkmW8c+A3doGk5Og/YW4=

tslib@^2.1.0:
  version "2.4.0"
  resolved "https://registry.npmjs.org/tslib/-/tslib-2.4.0.tgz"
  integrity sha512-d6xOpEDfsi2CZVlPQzGeux8XMwLT9hssAsaPYExaQMuYskwb+x1x7J371tWlbBdWHroy99KnVB6qIkUbs5X3UQ==

use-subscription@1.5.1:
  version "1.5.1"
  resolved "https://registry.npmjs.org/use-subscription/-/use-subscription-1.5.1.tgz"
  integrity sha512-Xv2a1P/yReAjAbhylMfFplFKj9GssgTwN7RlcTxBujFQcloStWNDQdc4g4NRWH9xS4i/FDk04vQBptAXoF3VcA==
  dependencies:
    object-assign "^4.1.1"
